# This file is automatically @generated by Cargo.
# It is not intended for manual editing.
version = 3

[[package]]
name = "rust_hello_test"
version = "0.1.2"
source = "registry+https://github.com/rust-lang/crates.io-index"
checksum = "4afce26947c81680e29f9ddac2d8862199fd544760f21637d28e13afa8bc618b"

[[package]]
name = "test_hello"
version = "0.1.0"
dependencies = [
 "rust_hello_test",
]
