# This file is automatically @generated by Cargo.
# It is not intended for manual editing.
version = 3

[[package]]
name = "rust_hello_test"
version = "0.1.5"
source = "registry+https://github.com/rust-lang/crates.io-index"
checksum = "eb74a7dd73e6729980d54e056037fd1c00f3bc0eb15c29b9907a656c2b50e583"

[[package]]
name = "test_hello"
version = "0.1.0"
dependencies = [
 "rust_hello_test",
]
