# This file is automatically @generated by Cargo.
# It is not intended for manual editing.
version = 3

[[package]]
name = "rust_hello_test"
version = "0.1.3"
source = "registry+https://github.com/rust-lang/crates.io-index"
checksum = "26a91bd96e1f9a5cf8ecb14007112b1c7951347e02b0ece62b61090fd0947d33"

[[package]]
name = "test_hello"
version = "0.1.0"
dependencies = [
 "rust_hello_test",
]
